
Microsoft Visual Studio Solution File, Format Version 12.00
# Visual Studio Version 16
VisualStudioVersion = 16.0.30114.105
MinimumVisualStudioVersion = 10.0.40219.1
Project("{FAE04EC0-301F-11D3-BF4B-00C04F79EFBC}") = "Lexer", "Lexer\Lexer.csproj", "{7809263C-228A-4995-9E48-4700E7EF5412}"
EndProject
Project("{FAE04EC0-301F-11D3-BF4B-00C04F79EFBC}") = "Lexer.Tests", "Lexer.Tests\Lexer.Tests.csproj", "{2F4E97BD-D35B-4513-9E85-9A7E68B973FE}"
EndProject
Global
	GlobalSection(SolutionConfigurationPlatforms) = preSolution
		Debug|Any CPU = Debug|Any CPU
		Release|Any CPU = Release|Any CPU
	EndGlobalSection
	GlobalSection(SolutionProperties) = preSolution
		HideSolutionNode = FALSE
	EndGlobalSection
	GlobalSection(ProjectConfigurationPlatforms) = postSolution
		{7809263C-228A-4995-9E48-4700E7EF5412}.Debug|Any CPU.ActiveCfg = Debug|Any CPU
		{7809263C-228A-4995-9E48-4700E7EF5412}.Debug|Any CPU.Build.0 = Debug|Any CPU
		{7809263C-228A-4995-9E48-4700E7EF5412}.Release|Any CPU.ActiveCfg = Release|Any CPU
		{7809263C-228A-4995-9E48-4700E7EF5412}.Release|Any CPU.Build.0 = Release|Any CPU
		{2F4E97BD-D35B-4513-9E85-9A7E68B973FE}.Debug|Any CPU.ActiveCfg = Debug|Any CPU
		{2F4E97BD-D35B-4513-9E85-9A7E68B973FE}.Debug|Any CPU.Build.0 = Debug|Any CPU
		{2F4E97BD-D35B-4513-9E85-9A7E68B973FE}.Release|Any CPU.ActiveCfg = Release|Any CPU
		{2F4E97BD-D35B-4513-9E85-9A7E68B973FE}.Release|Any CPU.Build.0 = Release|Any CPU
	EndGlobalSection
EndGlobal
